
Microsoft Visual Studio Solution File, Format Version 12.00
# Visual Studio Version 16
VisualStudioVersion = 16.0.31702.278
MinimumVisualStudioVersion = 10.0.40219.1
Project("{FAE04EC0-301F-11D3-BF4B-00C04F79EFBC}") = "Snake", "Snake\Snake.csproj", "{C8AC18F8-DE85-4C35-A773-94AE71B11224}"
EndProject
Global
	GlobalSection(SolutionConfigurationPlatforms) = preSolution
		Debug|Any CPU = Debug|Any CPU
		Release|Any CPU = Release|Any CPU
	EndGlobalSection
	GlobalSection(ProjectConfigurationPlatforms) = postSolution
		{C8AC18F8-DE85-4C35-A773-94AE71B11224}.Debug|Any CPU.ActiveCfg = Debug|Any CPU
		{C8AC18F8-DE85-4C35-A773-94AE71B11224}.Debug|Any CPU.Build.0 = Debug|Any CPU
		{C8AC18F8-DE85-4C35-A773-94AE71B11224}.Release|Any CPU.ActiveCfg = Release|Any CPU
		{C8AC18F8-DE85-4C35-A773-94AE71B11224}.Release|Any CPU.Build.0 = Release|Any CPU
	EndGlobalSection
	GlobalSection(SolutionProperties) = preSolution
		HideSolutionNode = FALSE
	EndGlobalSection
	GlobalSection(ExtensibilityGlobals) = postSolution
		SolutionGuid = {1DEA5A47-31D3-4E3D-BD63-92E8C4BCC002}
	EndGlobalSection
EndGlobal
